{
    "_meta": {
        "hash": {
            "sha256": "12965d272c3c01cea7286ecf1e2c342d135671e03159b935b947ad84ed1d7244"
        },
        "pipfile-spec": 6,
        "requires": {},
        "sources": [
            {
                "name": "pypi",
                "url": "https://pypi.python.org/simple",
                "verify_ssl": true
            }
        ]
    },
    "default": {
        "biopython": {
            "hashes": [
                "sha256:0302d5be80850fbaa93789ab516d189c9400755901cfe566a324e8fea10ed39b",
                "sha256:0fa9346c8ec144da12a556861090cfe5fbb6ecd89418d6358047b90def48e032",
                "sha256:164b9958d1714f318015900f2689fcc08859f76b11484e8f91f1f29acb4b7465",
                "sha256:1c4b55412c12b246b948c3bbb30e60a7b075da9770449371a731ac9987849381",
                "sha256:21723d79a1d15e99c823b440dd37176259dffa686e2a015919ad255d89238491",
                "sha256:26f8ae8ddf06c85dab12f5aaff538593c7cec69102bb4ad968b3eb40a0477bf8",
                "sha256:3cc401c15a85829eb6ae01babb02fbe7828548709b4dcb6d5149e94d5173ed7c",
                "sha256:5542f847a860b90e742a1be8a9807aa57accacd2bccfb07b3f6511f85201af19",
                "sha256:59610b1639a7d9c1f36a5398e748c044c21f4285230fa79fcea2cafe835f9366",
                "sha256:70c5cc27dc61c23d18bb33b6d38d70edc4b926033aea3b7434737c731c94a5e0",
                "sha256:839882c1929476538f9872e7fe6617c6fbcd65989483254817effbc388feead1",
                "sha256:85d53b91406aacfef673fb3cf24873d978654fa49d52b5ab4d9c3b0d06b003d6",
                "sha256:92c0940c5c2a76b559538a4eb1fc0277d3e960209c537d5b74632fa87a51a810",
                "sha256:93d79520586b48a2a77bec3a0623871b656c45dbb83c9b6834540f0a7232478e",
                "sha256:99e6f78317c68b27a8b406c5595364005d43fee67f3b8ae20c3332588999442f",
                "sha256:a149ea816f21ef72e1b4e6f538b13141584bdc531f864c5f1eb8b8feed71ba06",
                "sha256:add575d5b81eec95381a53ca8c042e9de9e506b24734ec773690247d997eaa69",
                "sha256:aed261f47f72d63292fdf4c81197fdbc150094a34e10176647a932c83e179db9",
                "sha256:c43a47ad3397336aa7af5a0bb5ebec91aa2ae328b71421e550cf7e7f80d00f69",
                "sha256:c5beb53e2d5a5a573baaaa449a32d3adfb3d03bd7752adbcb20a62d6e8041e03",
                "sha256:cfb44ba6cdfb1dbfc05b7e46f26286b37d35b2bb847868c9088e9b67060fd7be",
                "sha256:d120346e2eed46beaf1d0771826a18cee7c3155cc8c0dafc6ffffc74ac49e8fc",
                "sha256:e5b5666724cab7983aebeb593e52dd276ff9fdabb3669d57db8b5ea303a097a5",
                "sha256:e7a03ae81b5507b3a668f81a58351c065fa6d8a0b77f772e183eb284c1cc4619",
                "sha256:ede4e4335828a780dc2096fd0443c45efb3f8fcac741e544454997b978ad3cf3",
                "sha256:ef69ed6acf7bee26c530e40a768d060f46eef228d06aa2ea89439d3c54759bd8",
                "sha256:f49558bea021cc5243e50efb38d545842153cde276e14879d6d63222065c683d",
                "sha256:fce8051b05d62d7d0ff7af0999f6874bd9af17f0613e6c8664ac20c93215345a"
            ],
            "index": "pypi",
            "version": "==1.73"
        },
        "fire": {
            "hashes": [
                "sha256:c299d16064ff81cbb649b65988300d4a28b71ecfb789d1fb74d99ea98ae4d2eb"
            ],
            "index": "pypi",
            "version": "==0.1.3"
        },
        "marshmallow": {
            "hashes": [
                "sha256:77a3bf034dd25e53736eb11a216b2eaa9d132ec4e9a7bbc5f4a10bc52fbbc636",
                "sha256:b21b56e6fe6ba4c96692ae0dff68698599fa88e2461d5cc6adf099a9349187d4"
            ],
            "index": "pypi",
            "version": "==3.0.0b13"
        },
        "numpy": {
            "hashes": [
                "sha256:026a3b7c46e01a736bdf27853ce2a4f56a4feb3147ff879dbd463ed4da0a511b",
                "sha256:078efe4fc53079acb4a70f378a1fbf97f22a1f864321788ae1fd9ca4c952bb10",
                "sha256:09d327e93f2b13dfbfd6a7c2534441478896a24e9521f59f1ec64c775eff0066",
                "sha256:0efbe5f61044e7b0ed5583380aca26995c10cd625266f09b2d6ccef243499f2e",
                "sha256:1d94a5649fb8412784d9edda539b266801ee87fc89b812ebf5ec0fdab96444a3",
                "sha256:2a17337e1980e753d4bac3dd4859bc1300e995ddf05fc09828b8d60d932ce4d3",
                "sha256:3dd416deba0e6b734e653961354ac2bee2888c832835304853b14299a8c3169a",
                "sha256:4c725b6557eb043b963a8b4b5da560fec4500b5e2a9c4794adb408de838aeb94",
                "sha256:60dd924257899a44d55a7e548aba2a41c12e5d963b900ec138e0b15f3e6f3ef5",
                "sha256:6e638a8d56af542aebf625efdacdfb555943c08044795ee7550789407f5b905c",
                "sha256:70279fa434b878692c15bdb9b3376765ff63a91d5f1f6e5973eb34b0bddd7aa5",
                "sha256:867ed40b1bebb50f8b060a1b2a76c227a436a7d9fc73bf873dbc8e79862a56af",
                "sha256:9c76c0f114b729606081b0e4c49d2f7887946004872576f51b8bd50461f4110b",
                "sha256:ad0a948011cafe20323944aea7570cea77c3659cf970ee4e94993a75fdf1bf3a",
                "sha256:b53714c56ee9a1f1b46f7558ca1aa005704dba35334ff61288390be01b96b3b0",
                "sha256:bcf57e4694e32d7ebb9402cd3fcd9c4fd913a29f372fbefc8edd675a32262558",
                "sha256:c5db80fc344977d3df5435ded1a8ce05719283aeacaaf60a818a4baf63c756e4",
                "sha256:c953969e4b9a65998be1d7e895613be77bd42d438b54f9ce8c2453616ca8f5c9",
                "sha256:e299aaed551f16c3822e261adc6d5685ad7067536ae6af00e53837b637dc1270",
                "sha256:f735dad0d72598ca0e19f50a0891e83e496288038628addd86c05650fab49181",
                "sha256:f901fa2232562abf9250e4a86d2b50f008b2fe0f9d91bc1ca6a3ffd17c81d2a4",
                "sha256:ff73c826d81442f00b38360e52618d94f811c8db9047546d135c0e56117f3812",
                "sha256:ff9859fffc4a03b196d742fe683684921e3d3819aa97d935b92d573b7ff0bf7b"
            ],
            "version": "==1.16.0rc1"
        },
        "six": {
            "hashes": [
                "sha256:3350809f0555b11f552448330d0b52d5f24c91a322ea4a15ef22629740f3761c",
                "sha256:d16a0141ec1a18405cd4ce8b4613101da75da0e9a7aec5bdd4fa804d0e0eba73"
            ],
            "version": "==1.12.0"
        }
    },
    "develop": {
        "astroid": {
            "hashes": [
                "sha256:35b032003d6a863f5dcd7ec11abd5cd5893428beaa31ab164982403bcb311f22",
                "sha256:6a5d668d7dc69110de01cdf7aeec69a679ef486862a0850cc0fd5571505b6b7e"
            ],
            "version": "==2.1.0"
        },
        "atomicwrites": {
            "hashes": [
                "sha256:0312ad34fcad8fac3704d441f7b317e50af620823353ec657a53e981f92920c0",
                "sha256:ec9ae8adaae229e4f8446952d204a3e4b5fdd2d099f9be3aaf556120135fb3ee"
            ],
            "version": "==1.2.1"
        },
        "attrs": {
            "hashes": [
                "sha256:10cbf6e27dbce8c30807caf056c8eb50917e0eaafe86347671b57254006c3e69",
                "sha256:ca4be454458f9dec299268d472aaa5a11f67a4ff70093396e1ceae9c76cf4bbb"
            ],
            "version": "==18.2.0"
        },
        "certifi": {
            "hashes": [
                "sha256:47f9c83ef4c0c621eaef743f133f09fa8a74a9b75f037e8624f83bd1b6626cb7",
                "sha256:993f830721089fef441cdfeb4b2c8c9df86f0c63239f06bd025a76a7daddb033"
            ],
            "version": "==2018.11.29"
        },
        "chardet": {
            "hashes": [
                "sha256:84ab92ed1c4d4f16916e05906b6b75a6c0fb5db821cc65e70cbd64a3e2a5eaae",
                "sha256:fc323ffcaeaed0e0a02bf4d117757b98aed530d9ed4531e3e15460124c106691"
            ],
            "version": "==3.0.4"
        },
        "coverage": {
            "hashes": [
                "sha256:029c69deaeeeae1b15bc6c59f0ffa28aa8473721c614a23f2c2976dec245cd12",
                "sha256:02abbbebc6e9d5abe13cd28b5e963dedb6ffb51c146c916d17b18f141acd9947",
                "sha256:1bbfe5b82a3921d285e999c6d256c1e16b31c554c29da62d326f86c173d30337",
                "sha256:210c02f923df33a8d0e461c86fdcbbb17228ff4f6d92609fc06370a98d283c2d",
                "sha256:2d0807ba935f540d20b49d5bf1c0237b90ce81e133402feda906e540003f2f7a",
                "sha256:35d7a013874a7c927ce997350d314144ffc5465faf787bb4e46e6c4f381ef562",
                "sha256:3636f9d0dcb01aed4180ef2e57a4e34bb4cac3ecd203c2a23db8526d86ab2fb4",
                "sha256:42f4be770af2455a75e4640f033a82c62f3fb0d7a074123266e143269d7010ef",
                "sha256:48440b25ba6cda72d4c638f3a9efa827b5b87b489c96ab5f4ff597d976413156",
                "sha256:4dac8dfd1acf6a3ac657475dfdc66c621f291b1b7422a939cc33c13ac5356473",
                "sha256:4e8474771c69c2991d5eab65764289a7dd450bbea050bc0ebb42b678d8222b42",
                "sha256:551f10ddfeff56a1325e5a34eff304c5892aa981fd810babb98bfee77ee2fb17",
                "sha256:5b104982f1809c1577912519eb249f17d9d7e66304ad026666cb60a5ef73309c",
                "sha256:5c62aef73dfc87bfcca32cee149a1a7a602bc74bac72223236b0023543511c88",
                "sha256:633151f8d1ad9467b9f7e90854a7f46ed8f2919e8bc7d98d737833e8938fc081",
                "sha256:772207b9e2d5bf3f9d283b88915723e4e92d9a62c83f44ec92b9bd0cd685541b",
                "sha256:7d5e02f647cd727afc2659ec14d4d1cc0508c47e6cfb07aea33d7aa9ca94d288",
                "sha256:a9798a4111abb0f94584000ba2a2c74841f2cfe5f9254709756367aabbae0541",
                "sha256:b38ea741ab9e35bfa7015c93c93bbd6a1623428f97a67083fc8ebd366238b91f",
                "sha256:b6a5478c904236543c0347db8a05fac6fc0bd574c870e7970faa88e1d9890044",
                "sha256:c6248bfc1de36a3844685a2e10ba17c18119ba6252547f921062a323fb31bff1",
                "sha256:c705ab445936457359b1424ef25ccc0098b0491b26064677c39f1d14a539f056",
                "sha256:d95a363d663ceee647291131dbd213af258df24f41350246842481ec3709bd33",
                "sha256:e27265eb80cdc5dab55a40ef6f890e04ecc618649ad3da5265f128b141f93f78",
                "sha256:ebc276c9cb5d917bd2ae959f84ffc279acafa9c9b50b0fa436ebb70bbe2166ea",
                "sha256:f4d229866d030863d0fe3bf297d6d11e6133ca15bbb41ed2534a8b9a3d6bd061",
                "sha256:f95675bd88b51474d4fe5165f3266f419ce754ffadfb97f10323931fa9ac95e5",
                "sha256:f95bc54fb6d61b9f9ff09c4ae8ff6a3f5edc937cda3ca36fc937302a7c152bf1",
                "sha256:fd0f6be53de40683584e5331c341e65a679dbe5ec489a0697cec7c2ef1a48cda"
            ],
            "version": "==5.0a4"
        },
        "coveralls": {
            "hashes": [
                "sha256:ab638e88d38916a6cedbf80a9cd8992d5fa55c77ab755e262e00b36792b7cd6d",
                "sha256:b2388747e2529fa4c669fb1e3e2756e4e07b6ee56c7d9fce05f35ccccc913aa0"
            ],
            "index": "pypi",
            "version": "==1.5.1"
        },
        "docopt": {
            "hashes": [
                "sha256:49b3a825280bd66b3aa83585ef59c4a8c82f2c8a522dbe754a8bc8d08c85c491"
            ],
            "version": "==0.6.2"
        },
        "filelock": {
            "hashes": [
                "sha256:b8d5ca5ca1c815e1574aee746650ea7301de63d87935b3463d26368b76e31633",
                "sha256:d610c1bb404daf85976d7a82eb2ada120f04671007266b708606565dd03b5be6"
            ],
            "version": "==3.0.10"
        },
        "idna": {
            "hashes": [
                "sha256:c357b3f628cf53ae2c4c05627ecc484553142ca23264e593d327bcde5e9c3407",
                "sha256:ea8b7f6188e6fa117537c3df7da9fc686d485087abf6ac197f9c46432f7e4a3c"
            ],
            "version": "==2.8"
        },
        "isort": {
            "hashes": [
                "sha256:1153601da39a25b14ddc54955dbbacbb6b2d19135386699e2ad58517953b34af",
                "sha256:b9c40e9750f3d77e6e4d441d8b0266cf555e7cdabdcff33c4fd06366ca761ef8",
                "sha256:ec9ef8f4a9bc6f71eec99e1806bfa2de401650d996c59330782b89a5555c1497"
            ],
            "version": "==4.3.4"
        },
        "lazy-object-proxy": {
            "hashes": [
                "sha256:0ce34342b419bd8f018e6666bfef729aec3edf62345a53b537a4dcc115746a33",
                "sha256:1b668120716eb7ee21d8a38815e5eb3bb8211117d9a90b0f8e21722c0758cc39",
                "sha256:209615b0fe4624d79e50220ce3310ca1a9445fd8e6d3572a896e7f9146bbf019",
                "sha256:27bf62cb2b1a2068d443ff7097ee33393f8483b570b475db8ebf7e1cba64f088",
                "sha256:27ea6fd1c02dcc78172a82fc37fcc0992a94e4cecf53cb6d73f11749825bd98b",
                "sha256:2c1b21b44ac9beb0fc848d3993924147ba45c4ebc24be19825e57aabbe74a99e",
                "sha256:2df72ab12046a3496a92476020a1a0abf78b2a7db9ff4dc2036b8dd980203ae6",
                "sha256:320ffd3de9699d3892048baee45ebfbbf9388a7d65d832d7e580243ade426d2b",
                "sha256:50e3b9a464d5d08cc5227413db0d1c4707b6172e4d4d915c1c70e4de0bbff1f5",
                "sha256:5276db7ff62bb7b52f77f1f51ed58850e315154249aceb42e7f4c611f0f847ff",
                "sha256:61a6cf00dcb1a7f0c773ed4acc509cb636af2d6337a08f362413c76b2b47a8dd",
                "sha256:6ae6c4cb59f199d8827c5a07546b2ab7e85d262acaccaacd49b62f53f7c456f7",
                "sha256:7661d401d60d8bf15bb5da39e4dd72f5d764c5aff5a86ef52a042506e3e970ff",
                "sha256:7bd527f36a605c914efca5d3d014170b2cb184723e423d26b1fb2fd9108e264d",
                "sha256:7cb54db3535c8686ea12e9535eb087d32421184eacc6939ef15ef50f83a5e7e2",
                "sha256:7f3a2d740291f7f2c111d86a1c4851b70fb000a6c8883a59660d95ad57b9df35",
                "sha256:81304b7d8e9c824d058087dcb89144842c8e0dea6d281c031f59f0acf66963d4",
                "sha256:933947e8b4fbe617a51528b09851685138b49d511af0b6c0da2539115d6d4514",
                "sha256:94223d7f060301b3a8c09c9b3bc3294b56b2188e7d8179c762a1cda72c979252",
                "sha256:ab3ca49afcb47058393b0122428358d2fbe0408cf99f1b58b295cfeb4ed39109",
                "sha256:bd6292f565ca46dee4e737ebcc20742e3b5be2b01556dafe169f6c65d088875f",
                "sha256:cb924aa3e4a3fb644d0c463cad5bc2572649a6a3f68a7f8e4fbe44aaa6d77e4c",
                "sha256:d0fc7a286feac9077ec52a927fc9fe8fe2fabab95426722be4c953c9a8bede92",
                "sha256:ddc34786490a6e4ec0a855d401034cbd1242ef186c20d79d2166d6a4bd449577",
                "sha256:e34b155e36fa9da7e1b7c738ed7767fc9491a62ec6af70fe9da4a057759edc2d",
                "sha256:e5b9e8f6bda48460b7b143c3821b21b452cb3a835e6bbd5dd33aa0c8d3f5137d",
                "sha256:e81ebf6c5ee9684be8f2c87563880f93eedd56dd2b6146d8a725b50b7e5adb0f",
                "sha256:eb91be369f945f10d3a49f5f9be8b3d0b93a4c2be8f8a5b83b0571b8123e0a7a",
                "sha256:f460d1ceb0e4a5dcb2a652db0904224f367c9b3c1470d5a7683c0480e582468b"
            ],
            "version": "==1.3.1"
        },
        "mccabe": {
            "hashes": [
                "sha256:ab8a6258860da4b6677da4bd2fe5dc2c659cff31b3ee4f7f5d64e79735b80d42",
                "sha256:dd8d182285a0fe56bace7f45b5e7d1a6ebcbf524e8f3bd87eb0f125271b8831f"
            ],
            "version": "==0.6.1"
        },
        "more-itertools": {
            "hashes": [
                "sha256:38a936c0a6d98a38bcc2d03fdaaedaba9f412879461dd2ceff8d37564d6522e4",
                "sha256:c0a5785b1109a6bd7fac76d6837fd1feca158e54e521ccd2ae8bfe393cc9d4fc",
                "sha256:fe7a7cae1ccb57d33952113ff4fa1bc5f879963600ed74918f1236e212ee50b9"
            ],
            "version": "==5.0.0"
        },
        "pandoc": {
            "hashes": [
                "sha256:1b54f65f127583be75c74b63378ca42a8adc80955de3d33e8915fec35617b1fd"
            ],
            "index": "pypi",
            "version": "==1.0.2"
        },
        "pluggy": {
            "hashes": [
                "sha256:447ba94990e8014ee25ec853339faf7b0fc8050cdc3289d4d71f7f410fb90095",
                "sha256:bde19360a8ec4dfd8a20dcb811780a30998101f078fc7ded6162f0076f50508f"
            ],
            "version": "==0.8.0"
        },
        "ply": {
            "hashes": [
                "sha256:00c7c1aaa88358b9c765b6d3000c6eec0ba42abca5351b095321aef446081da3",
                "sha256:096f9b8350b65ebd2fd1346b12452efe5b9607f7482813ffca50c22722a807ce"
            ],
            "version": "==3.11"
        },
        "py": {
            "hashes": [
                "sha256:bf92637198836372b520efcba9e020c330123be8ce527e535d185ed4b6f45694",
                "sha256:e76826342cefe3c3d5f7e8ee4316b80d1dd8a300781612ddbc765c17ba25a6c6"
            ],
            "version": "==1.7.0"
        },
        "pylint": {
            "hashes": [
                "sha256:689de29ae747642ab230c6d37be2b969bf75663176658851f456619aacf27492",
                "sha256:771467c434d0d9f081741fec1d64dfb011ed26e65e12a28fe06ca2f61c4d556c"
            ],
            "index": "pypi",
            "version": "==2.2.2"
        },
        "pytest": {
            "hashes": [
                "sha256:f689bf2fc18c4585403348dd56f47d87780bf217c53ed9ae7a3e2d7faa45f8e9",
                "sha256:f812ea39a0153566be53d88f8de94839db1e8a05352ed8a49525d7d7f37861e9"
            ],
            "index": "pypi",
            "version": "==4.0.2"
        },
        "pytest-cov": {
            "hashes": [
                "sha256:513c425e931a0344944f84ea47f3956be0e416d95acbd897a44970c8d926d5d7",
                "sha256:e360f048b7dae3f2f2a9a4d067b2dd6b6a015d384d1577c994a43f3f7cbad762"
            ],
            "index": "pypi",
            "version": "==2.6.0"
        },
        "requests": {
            "hashes": [
                "sha256:502a824f31acdacb3a35b6690b5fbf0bc41d63a24a45c4004352b0242707598e",
                "sha256:7bf2a778576d825600030a110f3c0e3e8edc51dfaafe1c146e39a2027784957b"
            ],
            "version": "==2.21.0"
        },
        "six": {
            "hashes": [
                "sha256:3350809f0555b11f552448330d0b52d5f24c91a322ea4a15ef22629740f3761c",
                "sha256:d16a0141ec1a18405cd4ce8b4613101da75da0e9a7aec5bdd4fa804d0e0eba73"
            ],
            "version": "==1.12.0"
        },
        "toml": {
            "hashes": [
                "sha256:229f81c57791a41d65e399fc06bf0848bab550a9dfd5ed66df18ce5f05e73d5c",
                "sha256:235682dd292d5899d361a811df37e04a8828a5b1da3115886b73cf81ebc9100e"
            ],
            "version": "==0.10.0"
        },
        "tox": {
            "hashes": [
                "sha256:2a8d8a63660563e41e64e3b5b677e81ce1ffa5e2a93c2c565d3768c287445800",
                "sha256:edfca7809925f49bdc110d0a2d9966bbf35a0c25637216d9586e7a5c5de17bfb"
            ],
            "index": "pypi",
            "version": "==3.6.1"
        },
        "typed-ast": {
            "hashes": [
                "sha256:0555eca1671ebe09eb5f2176723826f6f44cca5060502fea259de9b0e893ab53",
                "sha256:0ca96128ea66163aea13911c9b4b661cb345eb729a20be15c034271360fc7474",
                "sha256:16ccd06d614cf81b96de42a37679af12526ea25a208bce3da2d9226f44563868",
                "sha256:1e21ae7b49a3f744958ffad1737dfbdb43e1137503ccc59f4e32c4ac33b0bd1c",
                "sha256:37670c6fd857b5eb68aa5d193e14098354783b5138de482afa401cc2644f5a7f",
                "sha256:46d84c8e3806619ece595aaf4f37743083f9454c9ea68a517f1daa05126daf1d",
                "sha256:5b972bbb3819ece283a67358103cc6671da3646397b06e7acea558444daf54b2",
                "sha256:6306ffa64922a7b58ee2e8d6f207813460ca5a90213b4a400c2e730375049246",
                "sha256:6cb25dc95078931ecbd6cbcc4178d1b8ae8f2b513ae9c3bd0b7f81c2191db4c6",
                "sha256:7e19d439fee23620dea6468d85bfe529b873dace39b7e5b0c82c7099681f8a22",
                "sha256:7f5cd83af6b3ca9757e1127d852f497d11c7b09b4716c355acfbebf783d028da",
                "sha256:81e885a713e06faeef37223a5b1167615db87f947ecc73f815b9d1bbd6b585be",
                "sha256:94af325c9fe354019a29f9016277c547ad5d8a2d98a02806f27a7436b2da6735",
                "sha256:b1e5445c6075f509d5764b84ce641a1535748801253b97f3b7ea9d948a22853a",
                "sha256:cb061a959fec9a514d243831c514b51ccb940b58a5ce572a4e209810f2507dcf",
                "sha256:cc8d0b703d573cbabe0d51c9d68ab68df42a81409e4ed6af45a04a95484b96a5",
                "sha256:da0afa955865920edb146926455ec49da20965389982f91e926389666f5cf86a",
                "sha256:dc76738331d61818ce0b90647aedde17bbba3d3f9e969d83c1d9087b4f978862",
                "sha256:e7ec9a1445d27dbd0446568035f7106fa899a36f55e52ade28020f7b3845180d",
                "sha256:f741ba03feb480061ab91a465d1a3ed2d40b52822ada5b4017770dfcb88f839f",
                "sha256:fe800a58547dd424cd286b7270b967b5b3316b993d86453ede184a17b5a6b17d"
            ],
            "markers": "python_version < '3.7' and implementation_name == 'cpython'",
            "version": "==1.1.1"
        },
        "urllib3": {
            "hashes": [
                "sha256:61bf29cada3fc2fbefad4fdf059ea4bd1b4a86d2b6d15e1c7c0b582b9752fe39",
                "sha256:de9529817c93f27c8ccbfead6985011db27bd0ddfcdb2d86f3f663385c6a9c22"
            ],
            "version": "==1.24.1"
        },
        "virtualenv": {
            "hashes": [
                "sha256:686176c23a538ecc56d27ed9d5217abd34644823d6391cbeb232f42bf722baad",
                "sha256:f899fafcd92e1150f40c8215328be38ff24b519cd95357fa6e78e006c7638208"
            ],
            "version": "==16.1.0"
        },
        "wrapt": {
            "hashes": [
                "sha256:d4d560d479f2c21e1b5443bbd15fe7ec4b37fe7e53d335d3b9b0a7b1226fe3c6"
            ],
            "version": "==1.10.11"
        }
    }
}
